
Microsoft Visual Studio Solution File, Format Version 12.00
# Visual Studio 14
VisualStudioVersion = 14.0.25420.1
MinimumVisualStudioVersion = 10.0.40219.1
Project("{8BC9CEB8-8B4A-11D0-8D11-00A0C91BC942}") = "FBXConverter", "FBXConverter\FBXConverter.vcxproj", "{0D83D059-357B-404B-A19E-33478DFB8058}"
	ProjectSection(ProjectDependencies) = postProject
		{F6B19281-2918-4A85-8BD9-01684FD634AB} = {F6B19281-2918-4A85-8BD9-01684FD634AB}
	EndProjectSection
EndProject
Project("{8BC9CEB8-8B4A-11D0-8D11-00A0C91BC942}") = "FBXImportExport", "FBXImportExport\FBXImportExport.vcxproj", "{F6B19281-2918-4A85-8BD9-01684FD634AB}"
EndProject
Global
	GlobalSection(SolutionConfigurationPlatforms) = preSolution
		Debug|x64 = Debug|x64
		Debug|x86 = Debug|x86
		Release|x64 = Release|x64
		Release|x86 = Release|x86
	EndGlobalSection
	GlobalSection(ProjectConfigurationPlatforms) = postSolution
		{0D83D059-357B-404B-A19E-33478DFB8058}.Debug|x64.ActiveCfg = Debug|x64
		{0D83D059-357B-404B-A19E-33478DFB8058}.Debug|x64.Build.0 = Debug|x64
		{0D83D059-357B-404B-A19E-33478DFB8058}.Debug|x86.ActiveCfg = Debug|Win32
		{0D83D059-357B-404B-A19E-33478DFB8058}.Debug|x86.Build.0 = Debug|Win32
		{0D83D059-357B-404B-A19E-33478DFB8058}.Release|x64.ActiveCfg = Release|x64
		{0D83D059-357B-404B-A19E-33478DFB8058}.Release|x64.Build.0 = Release|x64
		{0D83D059-357B-404B-A19E-33478DFB8058}.Release|x86.ActiveCfg = Release|Win32
		{0D83D059-357B-404B-A19E-33478DFB8058}.Release|x86.Build.0 = Release|Win32
		{F6B19281-2918-4A85-8BD9-01684FD634AB}.Debug|x64.ActiveCfg = Debug|x64
		{F6B19281-2918-4A85-8BD9-01684FD634AB}.Debug|x64.Build.0 = Debug|x64
		{F6B19281-2918-4A85-8BD9-01684FD634AB}.Debug|x86.ActiveCfg = Debug|Win32
		{F6B19281-2918-4A85-8BD9-01684FD634AB}.Debug|x86.Build.0 = Debug|Win32
		{F6B19281-2918-4A85-8BD9-01684FD634AB}.Release|x64.ActiveCfg = Release|x64
		{F6B19281-2918-4A85-8BD9-01684FD634AB}.Release|x64.Build.0 = Release|x64
		{F6B19281-2918-4A85-8BD9-01684FD634AB}.Release|x86.ActiveCfg = Release|Win32
		{F6B19281-2918-4A85-8BD9-01684FD634AB}.Release|x86.Build.0 = Release|Win32
	EndGlobalSection
	GlobalSection(SolutionProperties) = preSolution
		HideSolutionNode = FALSE
	EndGlobalSection
EndGlobal
